
Microsoft Visual Studio Solution File, Format Version 12.00
# Visual Studio Version 16
VisualStudioVersion = 16.0.31112.23
MinimumVisualStudioVersion = 10.0.40219.1
Project("{FAE04EC0-301F-11D3-BF4B-00C04F79EFBC}") = "Studio_AnimationSearch", "Studio_AnimationSearch\Studio_AnimationSearch.csproj", "{6F9B0D2E-CB5F-4681-968A-F64B10A89472}"
EndProject
Global
	GlobalSection(SolutionConfigurationPlatforms) = preSolution
		AI|Any CPU = AI|Any CPU
		Debug|Any CPU = Debug|Any CPU
		Release|Any CPU = Release|Any CPU
	EndGlobalSection
	GlobalSection(ProjectConfigurationPlatforms) = postSolution
		{6F9B0D2E-CB5F-4681-968A-F64B10A89472}.AI|Any CPU.ActiveCfg = AI|Any CPU
		{6F9B0D2E-CB5F-4681-968A-F64B10A89472}.AI|Any CPU.Build.0 = AI|Any CPU
		{6F9B0D2E-CB5F-4681-968A-F64B10A89472}.Debug|Any CPU.ActiveCfg = Debug|Any CPU
		{6F9B0D2E-CB5F-4681-968A-F64B10A89472}.Debug|Any CPU.Build.0 = Debug|Any CPU
		{6F9B0D2E-CB5F-4681-968A-F64B10A89472}.Release|Any CPU.ActiveCfg = Release|Any CPU
		{6F9B0D2E-CB5F-4681-968A-F64B10A89472}.Release|Any CPU.Build.0 = Release|Any CPU
	EndGlobalSection
	GlobalSection(SolutionProperties) = preSolution
		HideSolutionNode = FALSE
	EndGlobalSection
	GlobalSection(ExtensibilityGlobals) = postSolution
		SolutionGuid = {AE120394-CDF6-4DCB-B491-A4FF3B8141FC}
	EndGlobalSection
EndGlobal
